# Generated by pub
# See https://dart.dev/tools/pub/glossary#lockfile
packages:
  characters:
    dependency: transitive
    description:
      name: characters
      sha256: f71061c654a3380576a52b451dd5532377954cf9dbd272a78fc8479606670803
      url: "https://pub.dev"
    source: hosted
    version: "1.4.0"
  collection:
    dependency: transitive
    description:
      name: collection
      sha256: "2f5709ae4d3d59dd8f7cd309b4e023046b57d8a6c82130785d2b0e5868084e76"
      url: "https://pub.dev"
    source: hosted
    version: "1.19.1"
  digital_scale:
    dependency: "direct main"
    description:
      path: ".."
      relative: true
    source: path
    version: "1.2.0+0"
  dylib:
    dependency: transitive
    description:
      name: dylib
      sha256: "2421ffc8d6a85f173ab6f3f10538a3cc65b887d413c65cf7a3549cadbe4fdd0f"
      url: "https://pub.dev"
    source: hosted
    version: "0.3.2+1"
  ffi:
    dependency: transitive
    description:
      name: ffi
      sha256: a38574032c5f1dd06c4aee541789906c12ccaab8ba01446e800d9c5b79c4a978
      url: "https://pub.dev"
    source: hosted
    version: "2.0.1"
  flutter:
    dependency: transitive
    description: flutter
    source: sdk
    version: "0.0.0"
  flutter_bluetooth_serial_plus:
    dependency: transitive
    description:
      name: flutter_bluetooth_serial_plus
      sha256: "0655dfe4eb426f7e62ff49183c9ffbe423638f8546fc4cfa4681f3619d5a7db3"
      url: "https://pub.dev"
    source: hosted
    version: "0.5.1"
  flutter_libserialport:
    dependency: transitive
    description:
      name: flutter_libserialport
      sha256: f24b5fe6f1821d1c1b3bf2be737ca53f6b0ae78657032a790aa00abb810c8759
      url: "https://pub.dev"
    source: hosted
    version: "0.6.0"
  libserialport:
    dependency: transitive
    description:
      name: libserialport
      sha256: "392e1592def65282429832ec66fa25e9e163d3b37716b97691482e2406720727"
      url: "https://pub.dev"
    source: hosted
    version: "0.3.0+1"
  material_color_utilities:
    dependency: transitive
    description:
      name: material_color_utilities
      sha256: f7142bb1154231d7ea5f96bc7bde4bda2a0945d2806bb11670e30b850d56bdec
      url: "https://pub.dev"
    source: hosted
    version: "0.11.1"
  meta:
    dependency: transitive
    description:
      name: meta
      sha256: e3641ec5d63ebf0d9b41bd43201a66e3fc79a65db5f61fc181f04cd27aab950c
      url: "https://pub.dev"
    source: hosted
    version: "1.16.0"
  path:
    dependency: transitive
    description:
      name: path
      sha256: db9d4f58c908a4ba5953fcee2ae317c94889433e5024c27ce74a37f94267945b
      url: "https://pub.dev"
    source: hosted
    version: "1.8.2"
  platform:
    dependency: transitive
    description:
      name: platform
      sha256: "4a451831508d7d6ca779f7ac6e212b4023dd5a7d08a27a63da33756410e32b76"
      url: "https://pub.dev"
    source: hosted
    version: "3.1.0"
  roundabnt:
    dependency: transitive
    description:
      name: roundabnt
      sha256: "1e2890705b1e4af49d3842aac73bb7dfa24e238e5fc8156f97a6932e333ce26d"
      url: "https://pub.dev"
    source: hosted
    version: "1.0.4+2"
  sky_engine:
    dependency: transitive
    description: flutter
    source: sdk
    version: "0.0.0"
  vector_math:
    dependency: transitive
    description:
      name: vector_math
      sha256: d530bd74fea330e6e364cda7a85019c434070188383e1cd8d9777ee586914c5b
      url: "https://pub.dev"
    source: hosted
    version: "2.2.0"
sdks:
  dart: ">=3.8.0-0 <4.0.0"
  flutter: ">=3.0.0"
